
Microsoft Visual Studio Solution File, Format Version 12.00
# Visual Studio 15
VisualStudioVersion = 15.0.27130.2020
MinimumVisualStudioVersion = 10.0.40219.1
Project("{2150E333-8FDC-42A3-9474-1A3956D46DE8}") = "API_SAMPLES", "API_SAMPLES", "{52F4CD3D-E3B5-4C3F-B25D-EB9315084098}"
EndProject
Project("{8BC9CEB8-8B4A-11D0-8D11-00A0C91BC942}") = "GdipFillPolygonI", "API_SAMPLES\GdipFillPolygonI\GdipFillPolygonI.vcxproj", "{B1DB9CE4-1812-43EE-B735-94C8063325E8}"
EndProject
Project("{8BC9CEB8-8B4A-11D0-8D11-00A0C91BC942}") = "BezierCurve", "API_SAMPLES\BezierCurve\BezierCurve.vcxproj", "{E9ABB9B9-0B32-44B8-973F-DBA501F8D389}"
EndProject
Project("{8BC9CEB8-8B4A-11D0-8D11-00A0C91BC942}") = "PixelFormat", "API_SAMPLES\PixelFormat\PixelFormat.vcxproj", "{1A74B64C-BA55-4305-B09B-A6A944E8E70E}"
EndProject
Project("{8BC9CEB8-8B4A-11D0-8D11-00A0C91BC942}") = "TransparentBlt", "API_SAMPLES\TransparentBlt\TransparentBlt.vcxproj", "{2916CD33-C14C-481A-B089-91683158BC9B}"
EndProject
Global
	GlobalSection(SolutionConfigurationPlatforms) = preSolution
		Debug|x64 = Debug|x64
		Debug|x86 = Debug|x86
		Release|x64 = Release|x64
		Release|x86 = Release|x86
	EndGlobalSection
	GlobalSection(ProjectConfigurationPlatforms) = postSolution
		{B1DB9CE4-1812-43EE-B735-94C8063325E8}.Debug|x64.ActiveCfg = Debug|x64
		{B1DB9CE4-1812-43EE-B735-94C8063325E8}.Debug|x64.Build.0 = Debug|x64
		{B1DB9CE4-1812-43EE-B735-94C8063325E8}.Debug|x86.ActiveCfg = Debug|Win32
		{B1DB9CE4-1812-43EE-B735-94C8063325E8}.Debug|x86.Build.0 = Debug|Win32
		{B1DB9CE4-1812-43EE-B735-94C8063325E8}.Release|x64.ActiveCfg = Release|x64
		{B1DB9CE4-1812-43EE-B735-94C8063325E8}.Release|x64.Build.0 = Release|x64
		{B1DB9CE4-1812-43EE-B735-94C8063325E8}.Release|x86.ActiveCfg = Release|Win32
		{B1DB9CE4-1812-43EE-B735-94C8063325E8}.Release|x86.Build.0 = Release|Win32
		{E9ABB9B9-0B32-44B8-973F-DBA501F8D389}.Debug|x64.ActiveCfg = Debug|x64
		{E9ABB9B9-0B32-44B8-973F-DBA501F8D389}.Debug|x64.Build.0 = Debug|x64
		{E9ABB9B9-0B32-44B8-973F-DBA501F8D389}.Debug|x86.ActiveCfg = Debug|Win32
		{E9ABB9B9-0B32-44B8-973F-DBA501F8D389}.Debug|x86.Build.0 = Debug|Win32
		{E9ABB9B9-0B32-44B8-973F-DBA501F8D389}.Release|x64.ActiveCfg = Release|x64
		{E9ABB9B9-0B32-44B8-973F-DBA501F8D389}.Release|x64.Build.0 = Release|x64
		{E9ABB9B9-0B32-44B8-973F-DBA501F8D389}.Release|x86.ActiveCfg = Release|Win32
		{E9ABB9B9-0B32-44B8-973F-DBA501F8D389}.Release|x86.Build.0 = Release|Win32
		{1A74B64C-BA55-4305-B09B-A6A944E8E70E}.Debug|x64.ActiveCfg = Debug|x64
		{1A74B64C-BA55-4305-B09B-A6A944E8E70E}.Debug|x64.Build.0 = Debug|x64
		{1A74B64C-BA55-4305-B09B-A6A944E8E70E}.Debug|x86.ActiveCfg = Debug|Win32
		{1A74B64C-BA55-4305-B09B-A6A944E8E70E}.Debug|x86.Build.0 = Debug|Win32
		{1A74B64C-BA55-4305-B09B-A6A944E8E70E}.Release|x64.ActiveCfg = Release|x64
		{1A74B64C-BA55-4305-B09B-A6A944E8E70E}.Release|x64.Build.0 = Release|x64
		{1A74B64C-BA55-4305-B09B-A6A944E8E70E}.Release|x86.ActiveCfg = Release|Win32
		{1A74B64C-BA55-4305-B09B-A6A944E8E70E}.Release|x86.Build.0 = Release|Win32
		{2916CD33-C14C-481A-B089-91683158BC9B}.Debug|x64.ActiveCfg = Debug|x64
		{2916CD33-C14C-481A-B089-91683158BC9B}.Debug|x64.Build.0 = Debug|x64
		{2916CD33-C14C-481A-B089-91683158BC9B}.Debug|x86.ActiveCfg = Debug|Win32
		{2916CD33-C14C-481A-B089-91683158BC9B}.Debug|x86.Build.0 = Debug|Win32
		{2916CD33-C14C-481A-B089-91683158BC9B}.Release|x64.ActiveCfg = Release|x64
		{2916CD33-C14C-481A-B089-91683158BC9B}.Release|x64.Build.0 = Release|x64
		{2916CD33-C14C-481A-B089-91683158BC9B}.Release|x86.ActiveCfg = Release|Win32
		{2916CD33-C14C-481A-B089-91683158BC9B}.Release|x86.Build.0 = Release|Win32
	EndGlobalSection
	GlobalSection(SolutionProperties) = preSolution
		HideSolutionNode = FALSE
	EndGlobalSection
	GlobalSection(NestedProjects) = preSolution
		{B1DB9CE4-1812-43EE-B735-94C8063325E8} = {52F4CD3D-E3B5-4C3F-B25D-EB9315084098}
		{E9ABB9B9-0B32-44B8-973F-DBA501F8D389} = {52F4CD3D-E3B5-4C3F-B25D-EB9315084098}
	EndGlobalSection
	GlobalSection(ExtensibilityGlobals) = postSolution
		SolutionGuid = {A71F4150-75AD-4062-BA5B-2DA6EB18B00F}
	EndGlobalSection
EndGlobal
